
Microsoft Visual Studio Solution File, Format Version 12.00
# Visual Studio Version 17
VisualStudioVersion = 17.3.32804.467
MinimumVisualStudioVersion = 10.0.40219.1
Project("{9A19103F-16F7-4668-BE54-9A1E7A4F7556}") = "VendorInvoicing", "VendorInvoicing\VendorInvoicing.csproj", "{21DD7687-C241-4247-8A7F-76380E53D2C0}"
EndProject
Project("{FAE04EC0-301F-11D3-BF4B-00C04F79EFBC}") = "VendorInvoicesTests", "VendorServiceTests\VendorInvoicesTests.csproj", "{D1E4421E-FBBA-4C74-A806-32FA5404B54F}"
EndProject
Global
	GlobalSection(SolutionConfigurationPlatforms) = preSolution
		Debug|Any CPU = Debug|Any CPU
		Release|Any CPU = Release|Any CPU
	EndGlobalSection
	GlobalSection(ProjectConfigurationPlatforms) = postSolution
		{21DD7687-C241-4247-8A7F-76380E53D2C0}.Debug|Any CPU.ActiveCfg = Debug|Any CPU
		{21DD7687-C241-4247-8A7F-76380E53D2C0}.Debug|Any CPU.Build.0 = Debug|Any CPU
		{21DD7687-C241-4247-8A7F-76380E53D2C0}.Release|Any CPU.ActiveCfg = Release|Any CPU
		{21DD7687-C241-4247-8A7F-76380E53D2C0}.Release|Any CPU.Build.0 = Release|Any CPU
		{D1E4421E-FBBA-4C74-A806-32FA5404B54F}.Debug|Any CPU.ActiveCfg = Debug|Any CPU
		{D1E4421E-FBBA-4C74-A806-32FA5404B54F}.Debug|Any CPU.Build.0 = Debug|Any CPU
		{D1E4421E-FBBA-4C74-A806-32FA5404B54F}.Release|Any CPU.ActiveCfg = Release|Any CPU
		{D1E4421E-FBBA-4C74-A806-32FA5404B54F}.Release|Any CPU.Build.0 = Release|Any CPU
	EndGlobalSection
	GlobalSection(SolutionProperties) = preSolution
		HideSolutionNode = FALSE
	EndGlobalSection
	GlobalSection(ExtensibilityGlobals) = postSolution
		SolutionGuid = {2F6175AF-044E-45EB-9311-594EA8978F0E}
	EndGlobalSection
EndGlobal
